Microsoft Visual Studio Solution File, Format Version 8.00
Project("{FAE04EC0-301F-11D3-BF4B-00C04F79EFBC}") = "IpTest", "IpTest.csproj", "{4EB4634C-59EB-4A89-8616-972A805A67A9}"
	ProjectSection(ProjectDependencies) = postProject
	EndProjectSection
EndProject
Global
	GlobalSection(SolutionConfiguration) = preSolution
		Debug = Debug
		Release = Release
	EndGlobalSection
	GlobalSection(ProjectConfiguration) = postSolution
		{4EB4634C-59EB-4A89-8616-972A805A67A9}.Debug.ActiveCfg = Debug|.NET
		{4EB4634C-59EB-4A89-8616-972A805A67A9}.Debug.Build.0 = Debug|.NET
		{4EB4634C-59EB-4A89-8616-972A805A67A9}.Release.ActiveCfg = Release|.NET
		{4EB4634C-59EB-4A89-8616-972A805A67A9}.Release.Build.0 = Release|.NET
	EndGlobalSection
	GlobalSection(ExtensibilityGlobals) = postSolution
	EndGlobalSection
	GlobalSection(ExtensibilityAddIns) = postSolution
	EndGlobalSection
EndGlobal
